
Microsoft Visual Studio Solution File, Format Version 12.00
# Visual Studio Version 16
VisualStudioVersion = 16.0.30320.27
MinimumVisualStudioVersion = 10.0.40219.1
Project("{FAE04EC0-301F-11D3-BF4B-00C04F79EFBC}") = "Promotion", "Promotion\Promotion.csproj", "{34F52E1F-071A-40EB-BA3C-7F59B48B12C0}"
EndProject
Project("{FAE04EC0-301F-11D3-BF4B-00C04F79EFBC}") = "Promotion.Models", "Promotion.Models\Promotion.Models.csproj", "{CC6CC0EA-7543-44DB-97FA-1F3D86AF607A}"
EndProject
Global
	GlobalSection(SolutionConfigurationPlatforms) = preSolution
		Debug|Any CPU = Debug|Any CPU
		Release|Any CPU = Release|Any CPU
	EndGlobalSection
	GlobalSection(ProjectConfigurationPlatforms) = postSolution
		{34F52E1F-071A-40EB-BA3C-7F59B48B12C0}.Debug|Any CPU.ActiveCfg = Debug|Any CPU
		{34F52E1F-071A-40EB-BA3C-7F59B48B12C0}.Debug|Any CPU.Build.0 = Debug|Any CPU
		{34F52E1F-071A-40EB-BA3C-7F59B48B12C0}.Release|Any CPU.ActiveCfg = Release|Any CPU
		{34F52E1F-071A-40EB-BA3C-7F59B48B12C0}.Release|Any CPU.Build.0 = Release|Any CPU
		{CC6CC0EA-7543-44DB-97FA-1F3D86AF607A}.Debug|Any CPU.ActiveCfg = Debug|Any CPU
		{CC6CC0EA-7543-44DB-97FA-1F3D86AF607A}.Debug|Any CPU.Build.0 = Debug|Any CPU
		{CC6CC0EA-7543-44DB-97FA-1F3D86AF607A}.Release|Any CPU.ActiveCfg = Release|Any CPU
		{CC6CC0EA-7543-44DB-97FA-1F3D86AF607A}.Release|Any CPU.Build.0 = Release|Any CPU
	EndGlobalSection
	GlobalSection(SolutionProperties) = preSolution
		HideSolutionNode = FALSE
	EndGlobalSection
	GlobalSection(ExtensibilityGlobals) = postSolution
		SolutionGuid = {4185A190-F2A2-4724-A508-2147540E6B3B}
	EndGlobalSection
EndGlobal
